github.com/Isaac799/go-fish v0.0.0-20251011022848-db5d4334c31a h1:3CokIVLE94U316HA+B2J2TdU9QsTWPdK9T5uyWiVx0U=
github.com/Isaac799/go-fish v0.0.0-20251011022848-db5d4334c31a/go.mod h1:qtsVS7p6F+nhKKJkshBtLnQ3Tm5oBRopHIxLAiHUtkE=
github.com/iancoleman/strcase v0.3.0 h1:nTXanmYxhfFAMjZL34Ov6gkzEsSJZ5DbhxWjvSASxEI=
github.com/iancoleman/strcase v0.3.0/go.mod h1:iwCmte+B7n89clKwxIoIXy/HfoL7AsD47ZCWhYzw7ho=
